
Microsoft Visual Studio Solution File, Format Version 12.00
# Visual Studio 14
VisualStudioVersion = 14.0.25123.0
MinimumVisualStudioVersion = 10.0.40219.1
Project("{00D1A9C2-B5F0-4AF3-8072-F6C62B433612}") = "RestaurantReviews.DB", "RestaurantReviews.DB\RestaurantReviews.DB.sqlproj", "{73AF65A2-8B31-431F-BFD8-1C8905BDAF2D}"
EndProject
Project("{FAE04EC0-301F-11D3-BF4B-00C04F79EFBC}") = "RestaurantReviews.Data", "RestaurantReviews.Data\RestaurantReviews.Data.csproj", "{0302FA53-005A-4CD9-8A1D-AAB4944544E1}"
EndProject
Project("{FAE04EC0-301F-11D3-BF4B-00C04F79EFBC}") = "RestaurantReviews.API", "RestaurantReviews.API\RestaurantReviews.API.csproj", "{A65E93EE-D17F-4A90-8FF8-F1C686749C10}"
EndProject
Project("{FAE04EC0-301F-11D3-BF4B-00C04F79EFBC}") = "RestaurantReviews.API.Tests", "RestaurantReviews.API.Tests\RestaurantReviews.API.Tests.csproj", "{1761E94E-6666-44F0-B603-F99C9DABD28C}"
EndProject
Project("{FAE04EC0-301F-11D3-BF4B-00C04F79EFBC}") = "RestaurantReviews.Data.Tests", "RestaurantReviews.Data.Tests\RestaurantReviews.Data.Tests.csproj", "{D39B0151-F3CD-4AA3-AEB1-DF799F48AFAF}"
EndProject
Global
	GlobalSection(SolutionConfigurationPlatforms) = preSolution
		Debug|Any CPU = Debug|Any CPU
		Release|Any CPU = Release|Any CPU
	EndGlobalSection
	GlobalSection(ProjectConfigurationPlatforms) = postSolution
		{73AF65A2-8B31-431F-BFD8-1C8905BDAF2D}.Debug|Any CPU.ActiveCfg = Debug|Any CPU
		{73AF65A2-8B31-431F-BFD8-1C8905BDAF2D}.Debug|Any CPU.Build.0 = Debug|Any CPU
		{73AF65A2-8B31-431F-BFD8-1C8905BDAF2D}.Debug|Any CPU.Deploy.0 = Debug|Any CPU
		{73AF65A2-8B31-431F-BFD8-1C8905BDAF2D}.Release|Any CPU.ActiveCfg = Release|Any CPU
		{73AF65A2-8B31-431F-BFD8-1C8905BDAF2D}.Release|Any CPU.Build.0 = Release|Any CPU
		{73AF65A2-8B31-431F-BFD8-1C8905BDAF2D}.Release|Any CPU.Deploy.0 = Release|Any CPU
		{0302FA53-005A-4CD9-8A1D-AAB4944544E1}.Debug|Any CPU.ActiveCfg = Debug|Any CPU
		{0302FA53-005A-4CD9-8A1D-AAB4944544E1}.Debug|Any CPU.Build.0 = Debug|Any CPU
		{0302FA53-005A-4CD9-8A1D-AAB4944544E1}.Release|Any CPU.ActiveCfg = Release|Any CPU
		{0302FA53-005A-4CD9-8A1D-AAB4944544E1}.Release|Any CPU.Build.0 = Release|Any CPU
		{A65E93EE-D17F-4A90-8FF8-F1C686749C10}.Debug|Any CPU.ActiveCfg = Debug|Any CPU
		{A65E93EE-D17F-4A90-8FF8-F1C686749C10}.Debug|Any CPU.Build.0 = Debug|Any CPU
		{A65E93EE-D17F-4A90-8FF8-F1C686749C10}.Release|Any CPU.ActiveCfg = Release|Any CPU
		{A65E93EE-D17F-4A90-8FF8-F1C686749C10}.Release|Any CPU.Build.0 = Release|Any CPU
		{1761E94E-6666-44F0-B603-F99C9DABD28C}.Debug|Any CPU.ActiveCfg = Debug|Any CPU
		{1761E94E-6666-44F0-B603-F99C9DABD28C}.Debug|Any CPU.Build.0 = Debug|Any CPU
		{1761E94E-6666-44F0-B603-F99C9DABD28C}.Release|Any CPU.ActiveCfg = Release|Any CPU
		{1761E94E-6666-44F0-B603-F99C9DABD28C}.Release|Any CPU.Build.0 = Release|Any CPU
		{D39B0151-F3CD-4AA3-AEB1-DF799F48AFAF}.Debug|Any CPU.ActiveCfg = Debug|Any CPU
		{D39B0151-F3CD-4AA3-AEB1-DF799F48AFAF}.Debug|Any CPU.Build.0 = Debug|Any CPU
		{D39B0151-F3CD-4AA3-AEB1-DF799F48AFAF}.Release|Any CPU.ActiveCfg = Release|Any CPU
		{D39B0151-F3CD-4AA3-AEB1-DF799F48AFAF}.Release|Any CPU.Build.0 = Release|Any CPU
	EndGlobalSection
	GlobalSection(SolutionProperties) = preSolution
		HideSolutionNode = FALSE
	EndGlobalSection
EndGlobal
