
Microsoft Visual Studio Solution File, Format Version 12.00
# Visual Studio 14
VisualStudioVersion = 14.0.23107.0
MinimumVisualStudioVersion = 10.0.40219.1
Project("{00D1A9C2-B5F0-4AF3-8072-F6C62B433612}") = "ReviewDB", "ReviewDB\ReviewDB.sqlproj", "{C096A4C7-BCC9-4186-A9AC-6AEB5C153E4E}"
EndProject
Project("{FAE04EC0-301F-11D3-BF4B-00C04F79EFBC}") = "DAL", "DAL\DAL.csproj", "{5E997C31-67DA-4FB5-A772-3D6E743B5593}"
EndProject
Project("{FAE04EC0-301F-11D3-BF4B-00C04F79EFBC}") = "BL", "BL\BL.csproj", "{F837EFC1-86B6-41F6-85C3-46CD6A124997}"
EndProject
Project("{FAE04EC0-301F-11D3-BF4B-00C04F79EFBC}") = "Tests", "Tests\Tests.csproj", "{F329E446-B811-43DD-9273-2B678BFA0FD3}"
EndProject
Global
	GlobalSection(SolutionConfigurationPlatforms) = preSolution
		Debug|Any CPU = Debug|Any CPU
		Release|Any CPU = Release|Any CPU
	EndGlobalSection
	GlobalSection(ProjectConfigurationPlatforms) = postSolution
		{C096A4C7-BCC9-4186-A9AC-6AEB5C153E4E}.Debug|Any CPU.ActiveCfg = Debug|Any CPU
		{C096A4C7-BCC9-4186-A9AC-6AEB5C153E4E}.Debug|Any CPU.Build.0 = Debug|Any CPU
		{C096A4C7-BCC9-4186-A9AC-6AEB5C153E4E}.Debug|Any CPU.Deploy.0 = Debug|Any CPU
		{C096A4C7-BCC9-4186-A9AC-6AEB5C153E4E}.Release|Any CPU.ActiveCfg = Release|Any CPU
		{C096A4C7-BCC9-4186-A9AC-6AEB5C153E4E}.Release|Any CPU.Build.0 = Release|Any CPU
		{C096A4C7-BCC9-4186-A9AC-6AEB5C153E4E}.Release|Any CPU.Deploy.0 = Release|Any CPU
		{5E997C31-67DA-4FB5-A772-3D6E743B5593}.Debug|Any CPU.ActiveCfg = Debug|Any CPU
		{5E997C31-67DA-4FB5-A772-3D6E743B5593}.Debug|Any CPU.Build.0 = Debug|Any CPU
		{5E997C31-67DA-4FB5-A772-3D6E743B5593}.Release|Any CPU.ActiveCfg = Release|Any CPU
		{5E997C31-67DA-4FB5-A772-3D6E743B5593}.Release|Any CPU.Build.0 = Release|Any CPU
		{F837EFC1-86B6-41F6-85C3-46CD6A124997}.Debug|Any CPU.ActiveCfg = Debug|Any CPU
		{F837EFC1-86B6-41F6-85C3-46CD6A124997}.Debug|Any CPU.Build.0 = Debug|Any CPU
		{F837EFC1-86B6-41F6-85C3-46CD6A124997}.Release|Any CPU.ActiveCfg = Release|Any CPU
		{F837EFC1-86B6-41F6-85C3-46CD6A124997}.Release|Any CPU.Build.0 = Release|Any CPU
		{F329E446-B811-43DD-9273-2B678BFA0FD3}.Debug|Any CPU.ActiveCfg = Debug|Any CPU
		{F329E446-B811-43DD-9273-2B678BFA0FD3}.Debug|Any CPU.Build.0 = Debug|Any CPU
		{F329E446-B811-43DD-9273-2B678BFA0FD3}.Release|Any CPU.ActiveCfg = Release|Any CPU
		{F329E446-B811-43DD-9273-2B678BFA0FD3}.Release|Any CPU.Build.0 = Release|Any CPU
	EndGlobalSection
	GlobalSection(SolutionProperties) = preSolution
		HideSolutionNode = FALSE
	EndGlobalSection
EndGlobal
